
Microsoft Visual Studio Solution File, Format Version 12.00
# Visual Studio Version 16
VisualStudioVersion = 16.0.31313.79
MinimumVisualStudioVersion = 10.0.40219.1
Project("{FAE04EC0-301F-11D3-BF4B-00C04F79EFBC}") = "FirstProgram", "FirstProgram.csproj", "{06D60FC1-1F27-4A66-9968-37C010783F60}"
EndProject
Global
	GlobalSection(SolutionConfigurationPlatforms) = preSolution
		Debug|Any CPU = Debug|Any CPU
		Release|Any CPU = Release|Any CPU
	EndGlobalSection
	GlobalSection(ProjectConfigurationPlatforms) = postSolution
		{06D60FC1-1F27-4A66-9968-37C010783F60}.Debug|Any CPU.ActiveCfg = Debug|Any CPU
		{06D60FC1-1F27-4A66-9968-37C010783F60}.Debug|Any CPU.Build.0 = Debug|Any CPU
		{06D60FC1-1F27-4A66-9968-37C010783F60}.Release|Any CPU.ActiveCfg = Release|Any CPU
		{06D60FC1-1F27-4A66-9968-37C010783F60}.Release|Any CPU.Build.0 = Release|Any CPU
	EndGlobalSection
	GlobalSection(SolutionProperties) = preSolution
		HideSolutionNode = FALSE
	EndGlobalSection
	GlobalSection(ExtensibilityGlobals) = postSolution
		SolutionGuid = {656DB63C-D2E6-48F1-83C0-BFE1640988D9}
	EndGlobalSection
EndGlobal
