
Microsoft Visual Studio Solution File, Format Version 12.00
# Visual Studio Version 16
VisualStudioVersion = 16.0.31313.79
MinimumVisualStudioVersion = 10.0.40219.1
Project("{FAE04EC0-301F-11D3-BF4B-00C04F79EFBC}") = "Lab1", "Lab1.csproj", "{077C45F2-8FF0-4BCE-930C-4D967E526215}"
EndProject
Global
	GlobalSection(SolutionConfigurationPlatforms) = preSolution
		Debug|Any CPU = Debug|Any CPU
		Release|Any CPU = Release|Any CPU
	EndGlobalSection
	GlobalSection(ProjectConfigurationPlatforms) = postSolution
		{077C45F2-8FF0-4BCE-930C-4D967E526215}.Debug|Any CPU.ActiveCfg = Debug|Any CPU
		{077C45F2-8FF0-4BCE-930C-4D967E526215}.Debug|Any CPU.Build.0 = Debug|Any CPU
		{077C45F2-8FF0-4BCE-930C-4D967E526215}.Release|Any CPU.ActiveCfg = Release|Any CPU
		{077C45F2-8FF0-4BCE-930C-4D967E526215}.Release|Any CPU.Build.0 = Release|Any CPU
	EndGlobalSection
	GlobalSection(SolutionProperties) = preSolution
		HideSolutionNode = FALSE
	EndGlobalSection
	GlobalSection(ExtensibilityGlobals) = postSolution
		SolutionGuid = {5FB3D109-9FC1-4EF0-945D-2408880F5C92}
	EndGlobalSection
EndGlobal
