
Microsoft Visual Studio Solution File, Format Version 12.00
# Visual Studio Version 16
VisualStudioVersion = 16.0.31313.79
MinimumVisualStudioVersion = 10.0.40219.1
Project("{FAE04EC0-301F-11D3-BF4B-00C04F79EFBC}") = "Lab2", "Lab2.csproj", "{5395A160-4D2F-4AB5-BD37-A0E242E344EE}"
EndProject
Global
	GlobalSection(SolutionConfigurationPlatforms) = preSolution
		Debug|Any CPU = Debug|Any CPU
		Release|Any CPU = Release|Any CPU
	EndGlobalSection
	GlobalSection(ProjectConfigurationPlatforms) = postSolution
		{5395A160-4D2F-4AB5-BD37-A0E242E344EE}.Debug|Any CPU.ActiveCfg = Debug|Any CPU
		{5395A160-4D2F-4AB5-BD37-A0E242E344EE}.Debug|Any CPU.Build.0 = Debug|Any CPU
		{5395A160-4D2F-4AB5-BD37-A0E242E344EE}.Release|Any CPU.ActiveCfg = Release|Any CPU
		{5395A160-4D2F-4AB5-BD37-A0E242E344EE}.Release|Any CPU.Build.0 = Release|Any CPU
	EndGlobalSection
	GlobalSection(SolutionProperties) = preSolution
		HideSolutionNode = FALSE
	EndGlobalSection
	GlobalSection(ExtensibilityGlobals) = postSolution
		SolutionGuid = {5DB1AC20-9FE5-40D9-B115-20248E073E68}
	EndGlobalSection
EndGlobal
